
Microsoft Visual Studio Solution File, Format Version 12.00
# Visual Studio Version 17
VisualStudioVersion = 17.4.33213.308
MinimumVisualStudioVersion = 10.0.40219.1
Project("{9A19103F-16F7-4668-BE54-9A1E7A4F7556}") = "Ascendance.Models", "Ascendance.Models\Ascendance.Models.csproj", "{34A70EEC-ABD0-455C-912C-EE787D9B0F3E}"
EndProject
Project("{9A19103F-16F7-4668-BE54-9A1E7A4F7556}") = "TextHandling.Api", "TextHandling.Api\TextHandling.Api.csproj", "{AA4E9E85-F240-4F51-AAB3-D234D41CAE77}"
EndProject
Project("{9A19103F-16F7-4668-BE54-9A1E7A4F7556}") = "Ascendance.Middlewares", "Ascendance.Middlewares\Ascendance.Middlewares.csproj", "{815E1A3E-F98B-4AF6-ABCD-25830D60CEF0}"
EndProject
Project("{9A19103F-16F7-4668-BE54-9A1E7A4F7556}") = "MessageHandlers", "MessageHandlers\MessageHandlers.csproj", "{102EE43E-275B-4519-8FA6-9992C9E06727}"
EndProject
Global
	GlobalSection(SolutionConfigurationPlatforms) = preSolution
		Debug|Any CPU = Debug|Any CPU
		Release|Any CPU = Release|Any CPU
	EndGlobalSection
	GlobalSection(ProjectConfigurationPlatforms) = postSolution
		{34A70EEC-ABD0-455C-912C-EE787D9B0F3E}.Debug|Any CPU.ActiveCfg = Debug|Any CPU
		{34A70EEC-ABD0-455C-912C-EE787D9B0F3E}.Debug|Any CPU.Build.0 = Debug|Any CPU
		{34A70EEC-ABD0-455C-912C-EE787D9B0F3E}.Release|Any CPU.ActiveCfg = Release|Any CPU
		{34A70EEC-ABD0-455C-912C-EE787D9B0F3E}.Release|Any CPU.Build.0 = Release|Any CPU
		{AA4E9E85-F240-4F51-AAB3-D234D41CAE77}.Debug|Any CPU.ActiveCfg = Debug|Any CPU
		{AA4E9E85-F240-4F51-AAB3-D234D41CAE77}.Debug|Any CPU.Build.0 = Debug|Any CPU
		{AA4E9E85-F240-4F51-AAB3-D234D41CAE77}.Release|Any CPU.ActiveCfg = Release|Any CPU
		{AA4E9E85-F240-4F51-AAB3-D234D41CAE77}.Release|Any CPU.Build.0 = Release|Any CPU
		{815E1A3E-F98B-4AF6-ABCD-25830D60CEF0}.Debug|Any CPU.ActiveCfg = Debug|Any CPU
		{815E1A3E-F98B-4AF6-ABCD-25830D60CEF0}.Debug|Any CPU.Build.0 = Debug|Any CPU
		{815E1A3E-F98B-4AF6-ABCD-25830D60CEF0}.Release|Any CPU.ActiveCfg = Release|Any CPU
		{815E1A3E-F98B-4AF6-ABCD-25830D60CEF0}.Release|Any CPU.Build.0 = Release|Any CPU
		{102EE43E-275B-4519-8FA6-9992C9E06727}.Debug|Any CPU.ActiveCfg = Debug|Any CPU
		{102EE43E-275B-4519-8FA6-9992C9E06727}.Debug|Any CPU.Build.0 = Debug|Any CPU
		{102EE43E-275B-4519-8FA6-9992C9E06727}.Release|Any CPU.ActiveCfg = Release|Any CPU
		{102EE43E-275B-4519-8FA6-9992C9E06727}.Release|Any CPU.Build.0 = Release|Any CPU
	EndGlobalSection
	GlobalSection(SolutionProperties) = preSolution
		HideSolutionNode = FALSE
	EndGlobalSection
	GlobalSection(ExtensibilityGlobals) = postSolution
		SolutionGuid = {370A3648-F2E4-4116-A497-B141B3EE391E}
	EndGlobalSection
EndGlobal
