
Microsoft Visual Studio Solution File, Format Version 12.00
# Visual Studio Version 17
VisualStudioVersion = 17.4.33213.308
MinimumVisualStudioVersion = 10.0.40219.1
Project("{FAE04EC0-301F-11D3-BF4B-00C04F79EFBC}") = "Ascendance.Models", "Ascendance.Models\Ascendance.Models.csproj", "{34A70EEC-ABD0-455C-912C-EE787D9B0F3E}"
EndProject
Project("{FAE04EC0-301F-11D3-BF4B-00C04F79EFBC}") = "Ascendance.Dtos", "Ascendance.Dtos\Ascendance.Dtos.csproj", "{9927794C-4B1B-4FF9-AA85-A5C1855C8FB1}"
EndProject
Project("{FAE04EC0-301F-11D3-BF4B-00C04F79EFBC}") = "TextHandling.Api", "TextHandling.Api\TextHandling.Api.csproj", "{AA4E9E85-F240-4F51-AAB3-D234D41CAE77}"
EndProject
Global
	GlobalSection(SolutionConfigurationPlatforms) = preSolution
		Debug|Any CPU = Debug|Any CPU
		Release|Any CPU = Release|Any CPU
	EndGlobalSection
	GlobalSection(ProjectConfigurationPlatforms) = postSolution
		{34A70EEC-ABD0-455C-912C-EE787D9B0F3E}.Debug|Any CPU.ActiveCfg = Debug|Any CPU
		{34A70EEC-ABD0-455C-912C-EE787D9B0F3E}.Debug|Any CPU.Build.0 = Debug|Any CPU
		{34A70EEC-ABD0-455C-912C-EE787D9B0F3E}.Release|Any CPU.ActiveCfg = Release|Any CPU
		{34A70EEC-ABD0-455C-912C-EE787D9B0F3E}.Release|Any CPU.Build.0 = Release|Any CPU
		{9927794C-4B1B-4FF9-AA85-A5C1855C8FB1}.Debug|Any CPU.ActiveCfg = Debug|Any CPU
		{9927794C-4B1B-4FF9-AA85-A5C1855C8FB1}.Debug|Any CPU.Build.0 = Debug|Any CPU
		{9927794C-4B1B-4FF9-AA85-A5C1855C8FB1}.Release|Any CPU.ActiveCfg = Release|Any CPU
		{9927794C-4B1B-4FF9-AA85-A5C1855C8FB1}.Release|Any CPU.Build.0 = Release|Any CPU
		{AA4E9E85-F240-4F51-AAB3-D234D41CAE77}.Debug|Any CPU.ActiveCfg = Debug|Any CPU
		{AA4E9E85-F240-4F51-AAB3-D234D41CAE77}.Debug|Any CPU.Build.0 = Debug|Any CPU
		{AA4E9E85-F240-4F51-AAB3-D234D41CAE77}.Release|Any CPU.ActiveCfg = Release|Any CPU
		{AA4E9E85-F240-4F51-AAB3-D234D41CAE77}.Release|Any CPU.Build.0 = Release|Any CPU
	EndGlobalSection
	GlobalSection(SolutionProperties) = preSolution
		HideSolutionNode = FALSE
	EndGlobalSection
	GlobalSection(ExtensibilityGlobals) = postSolution
		SolutionGuid = {370A3648-F2E4-4116-A497-B141B3EE391E}
	EndGlobalSection
EndGlobal
